<?xml version="1.0" encoding="utf-8"?>
<Project ToolsVersion="4.0" xmlns="http://schemas.microsoft.com/developer/msbuild/2003">
  <ItemGroup>
    <Filter Include="Source Files">
      <UniqueIdentifier>{4FC737F1-C7A5-4376-A066-2A32D752A2FF}</UniqueIdentifier>
      <Extensions>cpp;c;cc;cxx;def;odl;idl;hpj;bat;asm;asmx</Extensions>
    </Filter>
    <Filter Include="Header Files">
      <UniqueIdentifier>{93995380-89BD-4b04-88EB-625FBE52EBFB}</UniqueIdentifier>
      <Extensions>h;hh;hpp;hxx;hm;inl;inc;ipp;xsd</Extensions>
    </Filter>
    <Filter Include="Resource Files">
      <UniqueIdentifier>{67DA6AB6-F800-4c08-8B7A-83BB121AAD01}</UniqueIdentifier>
      <Extensions>rc;ico;cur;bmp;dlg;rc2;rct;bin;rgs;gif;jpg;jpeg;jpe;resx;tiff;tif;png;wav;mfcribbon-ms</Extensions>
    </Filter>
    <Filter Include="Resource Files\shaders">
      <UniqueIdentifier>{d90980ec-102c-48d0-97b4-1f0f5cd772e3}</UniqueIdentifier>
    </Filter>
    <Filter Include="Source Files\data_types">
      <UniqueIdentifier>{6c31c514-9bc2-40c0-81d4-a6e0329fcd65}</UniqueIdentifier>
    </Filter>
    <Filter Include="Source Files\imgui">
      <UniqueIdentifier>{bd994f6d-4208-4683-af75-fce644eb35fd}</UniqueIdentifier>
    </Filter>
    <Filter Include="Source Files\imgui\lib">
      <UniqueIdentifier>{d58f0bff-50ec-48c1-895c-b181fc1e4bba}</UniqueIdentifier>
    </Filter>
    <Filter Include="Source Files\mesh">
      <UniqueIdentifier>{30f851b6-a94e-4ecf-9096-79ca8ddb4226}</UniqueIdentifier>
    </Filter>
    <Filter Include="Source Files\assimp">
      <UniqueIdentifier>{7e0a59d9-289a-498a-a6d0-07e5a632235d}</UniqueIdentifier>
    </Filter>
    <Filter Include="Source Files\controls">
      <UniqueIdentifier>{5adb42f9-1f84-4cb7-b17d-77e5055c09bd}</UniqueIdentifier>
    </Filter>
    <Filter Include="Source Files\lodepng">
      <UniqueIdentifier>{d9bd7c38-51af-4281-a86e-3a6ba141503e}</UniqueIdentifier>
    </Filter>
  </ItemGroup>
  <ItemGroup>
    <ClCompile Include="main.cpp">
      <Filter>Source Files</Filter>
    </ClCompile>
    <ClCompile Include="utils.cpp">
      <Filter>Source Files</Filter>
    </ClCompile>
    <ClCompile Include="imgui\lib\imgui.cpp">
      <Filter>Source Files\imgui\lib</Filter>
    </ClCompile>
    <ClCompile Include="imgui\lib\imgui_impl_glfw_gl3.cpp">
      <Filter>Source Files\imgui\lib</Filter>
    </ClCompile>
    <ClCompile Include="imgui\lib\imgui_demo.cpp">
      <Filter>Source Files\imgui\lib</Filter>
    </ClCompile>
    <ClCompile Include="imgui\lib\imgui_draw.cpp">
      <Filter>Source Files\imgui\lib</Filter>
    </ClCompile>
    <ClCompile Include="mesh\mesh.cpp">
      <Filter>Source Files\mesh</Filter>
    </ClCompile>
    <ClCompile Include="imgui\menu.cpp">
      <Filter>Source Files\imgui</Filter>
    </ClCompile>
    <ClCompile Include="assimp\assimp.cpp">
      <Filter>Source Files\assimp</Filter>
    </ClCompile>
    <ClCompile Include="controls\controls.cpp">
      <Filter>Source Files\controls</Filter>
    </ClCompile>
    <ClCompile Include="controls\trackball.cpp">
      <Filter>Source Files\controls</Filter>
    </ClCompile>
    <ClCompile Include="lodepng\lodepng.cpp">
      <Filter>Source Files\lodepng</Filter>
    </ClCompile>
  </ItemGroup>
  <ItemGroup>
    <ClInclude Include="utils.h">
      <Filter>Source Files</Filter>
    </ClInclude>
    <ClInclude Include="data_types\context.h">
      <Filter>Source Files\data_types</Filter>
    </ClInclude>
    <ClInclude Include="data_types\global_settings.h">
      <Filter>Source Files\data_types</Filter>
    </ClInclude>
    <ClInclude Include="imgui\lib\imgui.h">
      <Filter>Header Files</Filter>
    </ClInclude>
    <ClInclude Include="imgui\lib\imgui_impl_glfw_gl3.h">
      <Filter>Header Files</Filter>
    </ClInclude>
    <ClInclude Include="imgui\lib\imconfig.h">
      <Filter>Header Files</Filter>
    </ClInclude>
    <ClInclude Include="imgui\lib\imgui_internal.h">
      <Filter>Header Files</Filter>
    </ClInclude>
    <ClInclude Include="imgui\lib\stb_rect_pack.h">
      <Filter>Header Files</Filter>
    </ClInclude>
    <ClInclude Include="imgui\lib\stb_textedit.h">
      <Filter>Header Files</Filter>
    </ClInclude>
    <ClInclude Include="imgui\lib\stb_truetype.h">
      <Filter>Header Files</Filter>
    </ClInclude>
    <ClInclude Include="mesh\mesh.h">
      <Filter>Source Files\mesh</Filter>
    </ClInclude>
    <ClInclude Include="imgui\menu.h">
      <Filter>Source Files\imgui</Filter>
    </ClInclude>
    <ClInclude Include="assimp\assimp.h">
      <Filter>Source Files\assimp</Filter>
    </ClInclude>
    <ClInclude Include="controls\controls.h">
      <Filter>Source Files\controls</Filter>
    </ClInclude>
    <ClInclude Include="controls\trackball.h">
      <Filter>Source Files\controls</Filter>
    </ClInclude>
    <ClInclude Include="lodepng\lodepng.h">
      <Filter>Source Files\lodepng</Filter>
    </ClInclude>
    <ClInclude Include="data_types\material_settings.h">
      <Filter>Source Files\data_types</Filter>
    </ClInclude>
  </ItemGroup>
  <ItemGroup>
    <None Include="ClassDiagram.cd" />
    <None Include="..\x64\Debug\shaders\mesh_base.frag">
      <Filter>Resource Files\shaders</Filter>
    </None>
    <None Include="..\x64\Debug\shaders\mesh_base.vert">
      <Filter>Resource Files\shaders</Filter>
    </None>
    <None Include="..\x64\Debug\shaders\mesh_glass.vert">
      <Filter>Resource Files\shaders</Filter>
    </None>
    <None Include="..\x64\Debug\shaders\mesh_glass.frag">
      <Filter>Resource Files\shaders</Filter>
    </None>
    <None Include="..\x64\Debug\shaders\skybox_cube.frag">
      <Filter>Resource Files\shaders</Filter>
    </None>
    <None Include="..\x64\Debug\shaders\skybox_cube.vert">
      <Filter>Resource Files\shaders</Filter>
    </None>
  </ItemGroup>
</Project>